
Microsoft Visual Studio Solution File, Format Version 12.00
# Visual Studio Version 17
VisualStudioVersion = 17.4.33122.133
MinimumVisualStudioVersion = 10.0.40219.1
Project("{9A19103F-16F7-4668-BE54-9A1E7A4F7556}") = "ThalesApp", "ThalesApp.csproj", "{1A6B10FF-1EB2-427E-B1CC-A6198A3D3743}"
EndProject
Project("{FAE04EC0-301F-11D3-BF4B-00C04F79EFBC}") = "ThalesAppTest", "..\ThalesAppTest\ThalesAppTest.csproj", "{53B22B10-CF6D-4B69-ACB6-957AE6A59542}"
EndProject
Global
	GlobalSection(SolutionConfigurationPlatforms) = preSolution
		Debug|Any CPU = Debug|Any CPU
		Release|Any CPU = Release|Any CPU
	EndGlobalSection
	GlobalSection(ProjectConfigurationPlatforms) = postSolution
		{1A6B10FF-1EB2-427E-B1CC-A6198A3D3743}.Debug|Any CPU.ActiveCfg = Debug|Any CPU
		{1A6B10FF-1EB2-427E-B1CC-A6198A3D3743}.Debug|Any CPU.Build.0 = Debug|Any CPU
		{1A6B10FF-1EB2-427E-B1CC-A6198A3D3743}.Release|Any CPU.ActiveCfg = Release|Any CPU
		{1A6B10FF-1EB2-427E-B1CC-A6198A3D3743}.Release|Any CPU.Build.0 = Release|Any CPU
		{53B22B10-CF6D-4B69-ACB6-957AE6A59542}.Debug|Any CPU.ActiveCfg = Debug|Any CPU
		{53B22B10-CF6D-4B69-ACB6-957AE6A59542}.Debug|Any CPU.Build.0 = Debug|Any CPU
		{53B22B10-CF6D-4B69-ACB6-957AE6A59542}.Release|Any CPU.ActiveCfg = Release|Any CPU
		{53B22B10-CF6D-4B69-ACB6-957AE6A59542}.Release|Any CPU.Build.0 = Release|Any CPU
	EndGlobalSection
	GlobalSection(SolutionProperties) = preSolution
		HideSolutionNode = FALSE
	EndGlobalSection
	GlobalSection(ExtensibilityGlobals) = postSolution
		SolutionGuid = {43F3C7D1-B0B4-477B-A3F5-36239AF45528}
	EndGlobalSection
EndGlobal
